// !$*UTF8*$!
{
	archiveVersion = 1;
	classes = {
	};
	objectVersion = 48;
	objects = {

/* Begin PBXBuildFile section */
		02F191D14ACCC15C04F839B3 /* Pods_Ding_Dong_DonorTests.framework in Frameworks */ = {isa = PBXBuildFile; fileRef = 2849177F361CDBF43B84F69A /* Pods_Ding_Dong_DonorTests.framework */; };
		53949CDD8898F27618F4EF1C /* Pods_Ding_Dong_Donor.framework in Frameworks */ = {isa = PBXBuildFile; fileRef = AC20D31CA0157CC737761A67 /* Pods_Ding_Dong_Donor.framework */; };
		6D0AD1ED9240CD4C214179E7 /* Pods_Ding_Dong_DonorUITests.framework in Frameworks */ = {isa = PBXBuildFile; fileRef = F1D9F84BE6374DD8A25336DA /* Pods_Ding_Dong_DonorUITests.framework */; };
		D0108A9D2012F10D003F1513 /* AppDelegate.swift in Sources */ = {isa = PBXBuildFile; fileRef = D0108A9C2012F10D003F1513 /* AppDelegate.swift */; };
		D0108AA22012F10D003F1513 /* Main.storyboard in Resources */ = {isa = PBXBuildFile; fileRef = D0108AA02012F10D003F1513 /* Main.storyboard */; };
		D0108AA42012F10D003F1513 /* Assets.xcassets in Resources */ = {isa = PBXBuildFile; fileRef = D0108AA32012F10D003F1513 /* Assets.xcassets */; };
		D0108AA72012F10D003F1513 /* LaunchScreen.storyboard in Resources */ = {isa = PBXBuildFile; fileRef = D0108AA52012F10D003F1513 /* LaunchScreen.storyboard */; };
		D0108AB22012F10D003F1513 /* Ding_Dong_DonorTests.swift in Sources */ = {isa = PBXBuildFile; fileRef = D0108AB12012F10D003F1513 /* Ding_Dong_DonorTests.swift */; };
		D0108ABD2012F10E003F1513 /* Ding_Dong_DonorUITests.swift in Sources */ = {isa = PBXBuildFile; fileRef = D0108ABC2012F10E003F1513 /* Ding_Dong_DonorUITests.swift */; };
		D0108ACF2012F505003F1513 /* DonationPage.swift in Sources */ = {isa = PBXBuildFile; fileRef = D0108ACE2012F505003F1513 /* DonationPage.swift */; };
		D0108AD12012FA06003F1513 /* DonationPageCreatorVC.swift in Sources */ = {isa = PBXBuildFile; fileRef = D0108AD02012FA06003F1513 /* DonationPageCreatorVC.swift */; };
		D0108AD32012FFB1003F1513 /* GoogleService-Info.plist in Resources */ = {isa = PBXBuildFile; fileRef = D0108AD22012FFB0003F1513 /* GoogleService-Info.plist */; };
		D0108AD6201307C1003F1513 /* CreatePageService.swift in Sources */ = {isa = PBXBuildFile; fileRef = D0108AD5201307C1003F1513 /* CreatePageService.swift */; };
		D0108AD820130A49003F1513 /* StorageService.swift in Sources */ = {isa = PBXBuildFile; fileRef = D0108AD720130A49003F1513 /* StorageService.swift */; };
		D0108ADB20130F28003F1513 /* Constants.swift in Sources */ = {isa = PBXBuildFile; fileRef = D0108ADA20130F28003F1513 /* Constants.swift */; };
		D0108ADE201314B0003F1513 /* StorageReference+Page.swift in Sources */ = {isa = PBXBuildFile; fileRef = D0108ADD201314B0003F1513 /* StorageReference+Page.swift */; };
		D0108AE020131BFF003F1513 /* CreatorService.swift in Sources */ = {isa = PBXBuildFile; fileRef = D0108ADF20131BFF003F1513 /* CreatorService.swift */; };
		D0277BA520131DCD00997053 /* PhotoService.swift in Sources */ = {isa = PBXBuildFile; fileRef = D0277BA420131DCD00997053 /* PhotoService.swift */; };
		D0277BA72013263000997053 /* DonationPagesVC.swift in Sources */ = {isa = PBXBuildFile; fileRef = D0277BA62013263000997053 /* DonationPagesVC.swift */; };
		D0277BAA201326F700997053 /* DonationPageTableVC.swift in Sources */ = {isa = PBXBuildFile; fileRef = D0277BA9201326F700997053 /* DonationPageTableVC.swift */; };
		D0277BAC2013AFAA00997053 /* DonationPageScannerVC.swift in Sources */ = {isa = PBXBuildFile; fileRef = D0277BAB2013AFAA00997053 /* DonationPageScannerVC.swift */; };
		D0277BAE2013B9B700997053 /* DonationPageVC.swift in Sources */ = {isa = PBXBuildFile; fileRef = D0277BAD2013B9B700997053 /* DonationPageVC.swift */; };
/* End PBXBuildFile section */

/* Begin PBXContainerItemProxy section */
		D0108AAE2012F10D003F1513 /* PBXContainerItemProxy */ = {
			isa = PBXContainerItemProxy;
			containerPortal = D0108A912012F10D003F1513 /* Project object */;
			proxyType = 1;
			remoteGlobalIDString = D0108A982012F10D003F1513;
			remoteInfo = "Ding Dong Donor";
		};
		D0108AB92012F10E003F1513 /* PBXContainerItemProxy */ = {
			isa = PBXContainerItemProxy;
			containerPortal = D0108A912012F10D003F1513 /* Project object */;
			proxyType = 1;
			remoteGlobalIDString = D0108A982012F10D003F1513;
			remoteInfo = "Ding Dong Donor";
		};
/* End PBXContainerItemProxy section */

/* Begin PBXFileReference section */
		11D419768A2719A9638CDBCC /* Pods-Ding Dong Donor.release.xcconfig */ = {isa = PBXFileReference; includeInIndex = 1; lastKnownFileType = text.xcconfig; name = "Pods-Ding Dong Donor.release.xcconfig"; path = "Pods/Target Support Files/Pods-Ding Dong Donor/Pods-Ding Dong Donor.release.xcconfig"; sourceTree = "<group>"; };
		2849177F361CDBF43B84F69A /* Pods_Ding_Dong_DonorTests.framework */ = {isa = PBXFileReference; explicitFileType = wrapper.framework; includeInIndex = 0; path = Pods_Ding_Dong_DonorTests.framework; sourceTree = BUILT_PRODUCTS_DIR; };
		3F57159102CB9CAB40C2FB84 /* Pods-Ding Dong DonorUITests.debug.xcconfig */ = {isa = PBXFileReference; includeInIndex = 1; lastKnownFileType = text.xcconfig; name = "Pods-Ding Dong DonorUITests.debug.xcconfig"; path = "Pods/Target Support Files/Pods-Ding Dong DonorUITests/Pods-Ding Dong DonorUITests.debug.xcconfig"; sourceTree = "<group>"; };
		4EAAE7D34A5B53AF8B06B29A /* Pods-Ding Dong DonorTests.release.xcconfig */ = {isa = PBXFileReference; includeInIndex = 1; lastKnownFileType = text.xcconfig; name = "Pods-Ding Dong DonorTests.release.xcconfig"; path = "Pods/Target Support Files/Pods-Ding Dong DonorTests/Pods-Ding Dong DonorTests.release.xcconfig"; sourceTree = "<group>"; };
		63E166F031B5BC4C247F1CA6 /* Pods-Ding Dong DonorUITests.release.xcconfig */ = {isa = PBXFileReference; includeInIndex = 1; lastKnownFileType = text.xcconfig; name = "Pods-Ding Dong DonorUITests.release.xcconfig"; path = "Pods/Target Support Files/Pods-Ding Dong DonorUITests/Pods-Ding Dong DonorUITests.release.xcconfig"; sourceTree = "<group>"; };
		681E746098E871545D923B05 /* Pods-Ding Dong Donor.debug.xcconfig */ = {isa = PBXFileReference; includeInIndex = 1; lastKnownFileType = text.xcconfig; name = "Pods-Ding Dong Donor.debug.xcconfig"; path = "Pods/Target Support Files/Pods-Ding Dong Donor/Pods-Ding Dong Donor.debug.xcconfig"; sourceTree = "<group>"; };
		78F0CD193DB1B149FA58B64C /* Pods-Ding Dong DonorTests.debug.xcconfig */ = {isa = PBXFileReference; includeInIndex = 1; lastKnownFileType = text.xcconfig; name = "Pods-Ding Dong DonorTests.debug.xcconfig"; path = "Pods/Target Support Files/Pods-Ding Dong DonorTests/Pods-Ding Dong DonorTests.debug.xcconfig"; sourceTree = "<group>"; };
		AC20D31CA0157CC737761A67 /* Pods_Ding_Dong_Donor.framework */ = {isa = PBXFileReference; explicitFileType = wrapper.framework; includeInIndex = 0; path = Pods_Ding_Dong_Donor.framework; sourceTree = BUILT_PRODUCTS_DIR; };
		D0108A992012F10D003F1513 /* Ding Dong Donor.app */ = {isa = PBXFileReference; explicitFileType = wrapper.application; includeInIndex = 0; path = "Ding Dong Donor.app"; sourceTree = BUILT_PRODUCTS_DIR; };
		D0108A9C2012F10D003F1513 /* AppDelegate.swift */ = {isa = PBXFileReference; lastKnownFileType = sourcecode.swift; path = AppDelegate.swift; sourceTree = "<group>"; };
		D0108AA12012F10D003F1513 /* Base */ = {isa = PBXFileReference; lastKnownFileType = file.storyboard; name = Base; path = Base.lproj/Main.storyboard; sourceTree = "<group>"; };
		D0108AA32012F10D003F1513 /* Assets.xcassets */ = {isa = PBXFileReference; lastKnownFileType = folder.assetcatalog; path = Assets.xcassets; sourceTree = "<group>"; };
		D0108AA62012F10D003F1513 /* Base */ = {isa = PBXFileReference; lastKnownFileType = file.storyboard; name = Base; path = Base.lproj/LaunchScreen.storyboard; sourceTree = "<group>"; };
		D0108AA82012F10D003F1513 /* Info.plist */ = {isa = PBXFileReference; lastKnownFileType = text.plist.xml; path = Info.plist; sourceTree = "<group>"; };
		D0108AAD2012F10D003F1513 /* Ding Dong DonorTests.xctest */ = {isa = PBXFileReference; explicitFileType = wrapper.cfbundle; includeInIndex = 0; path = "Ding Dong DonorTests.xctest"; sourceTree = BUILT_PRODUCTS_DIR; };
		D0108AB12012F10D003F1513 /* Ding_Dong_DonorTests.swift */ = {isa = PBXFileReference; lastKnownFileType = sourcecode.swift; path = Ding_Dong_DonorTests.swift; sourceTree = "<group>"; };
		D0108AB32012F10D003F1513 /* Info.plist */ = {isa = PBXFileReference; lastKnownFileType = text.plist.xml; path = Info.plist; sourceTree = "<group>"; };
		D0108AB82012F10E003F1513 /* Ding Dong DonorUITests.xctest */ = {isa = PBXFileReference; explicitFileType = wrapper.cfbundle; includeInIndex = 0; path = "Ding Dong DonorUITests.xctest"; sourceTree = BUILT_PRODUCTS_DIR; };
		D0108ABC2012F10E003F1513 /* Ding_Dong_DonorUITests.swift */ = {isa = PBXFileReference; lastKnownFileType = sourcecode.swift; path = Ding_Dong_DonorUITests.swift; sourceTree = "<group>"; };
		D0108ABE2012F10E003F1513 /* Info.plist */ = {isa = PBXFileReference; lastKnownFileType = text.plist.xml; path = Info.plist; sourceTree = "<group>"; };
		D0108ACE2012F505003F1513 /* DonationPage.swift */ = {isa = PBXFileReference; lastKnownFileType = sourcecode.swift; path = DonationPage.swift; sourceTree = "<group>"; };
		D0108AD02012FA06003F1513 /* DonationPageCreatorVC.swift */ = {isa = PBXFileReference; lastKnownFileType = sourcecode.swift; path = DonationPageCreatorVC.swift; sourceTree = "<group>"; };
		D0108AD22012FFB0003F1513 /* GoogleService-Info.plist */ = {isa = PBXFileReference; fileEncoding = 4; lastKnownFileType = text.plist.xml; path = "GoogleService-Info.plist"; sourceTree = "<group>"; };
		D0108AD5201307C1003F1513 /* CreatePageService.swift */ = {isa = PBXFileReference; lastKnownFileType = sourcecode.swift; path = CreatePageService.swift; sourceTree = "<group>"; };
		D0108AD720130A49003F1513 /* StorageService.swift */ = {isa = PBXFileReference; lastKnownFileType = sourcecode.swift; path = StorageService.swift; sourceTree = "<group>"; };
		D0108ADA20130F28003F1513 /* Constants.swift */ = {isa = PBXFileReference; lastKnownFileType = sourcecode.swift; path = Constants.swift; sourceTree = "<group>"; };
		D0108ADD201314B0003F1513 /* StorageReference+Page.swift */ = {isa = PBXFileReference; lastKnownFileType = sourcecode.swift; path = "StorageReference+Page.swift"; sourceTree = "<group>"; };
		D0108ADF20131BFF003F1513 /* CreatorService.swift */ = {isa = PBXFileReference; lastKnownFileType = sourcecode.swift; path = CreatorService.swift; sourceTree = "<group>"; };
		D0277BA420131DCD00997053 /* PhotoService.swift */ = {isa = PBXFileReference; lastKnownFileType = sourcecode.swift; path = PhotoService.swift; sourceTree = "<group>"; };
		D0277BA62013263000997053 /* DonationPagesVC.swift */ = {isa = PBXFileReference; lastKnownFileType = sourcecode.swift; path = DonationPagesVC.swift; sourceTree = "<group>"; };
		D0277BA9201326F700997053 /* DonationPageTableVC.swift */ = {isa = PBXFileReference; lastKnownFileType = sourcecode.swift; path = DonationPageTableVC.swift; sourceTree = "<group>"; };
		D0277BAB2013AFAA00997053 /* DonationPageScannerVC.swift */ = {isa = PBXFileReference; lastKnownFileType = sourcecode.swift; path = DonationPageScannerVC.swift; sourceTree = "<group>"; };
		D0277BAD2013B9B700997053 /* DonationPageVC.swift */ = {isa = PBXFileReference; lastKnownFileType = sourcecode.swift; path = DonationPageVC.swift; sourceTree = "<group>"; };
		F1D9F84BE6374DD8A25336DA /* Pods_Ding_Dong_DonorUITests.framework */ = {isa = PBXFileReference; explicitFileType = wrapper.framework; includeInIndex = 0; path = Pods_Ding_Dong_DonorUITests.framework; sourceTree = BUILT_PRODUCTS_DIR; };
/* End PBXFileReference section */

/* Begin PBXFrameworksBuildPhase section */
		D0108A962012F10D003F1513 /* Frameworks */ = {
			isa = PBXFrameworksBuildPhase;
			buildActionMask = 2147483647;
			files = (
				53949CDD8898F27618F4EF1C /* Pods_Ding_Dong_Donor.framework in Frameworks */,
			);
			runOnlyForDeploymentPostprocessing = 0;
		};
		D0108AAA2012F10D003F1513 /* Frameworks */ = {
			isa = PBXFrameworksBuildPhase;
			buildActionMask = 2147483647;
			files = (
				02F191D14ACCC15C04F839B3 /* Pods_Ding_Dong_DonorTests.framework in Frameworks */,
			);
			runOnlyForDeploymentPostprocessing = 0;
		};
		D0108AB52012F10E003F1513 /* Frameworks */ = {
			isa = PBXFrameworksBuildPhase;
			buildActionMask = 2147483647;
			files = (
				6D0AD1ED9240CD4C214179E7 /* Pods_Ding_Dong_DonorUITests.framework in Frameworks */,
			);
			runOnlyForDeploymentPostprocessing = 0;
		};
/* End PBXFrameworksBuildPhase section */

/* Begin PBXGroup section */
		015368DC4B6D58F21BC5BB82 /* Frameworks */ = {
			isa = PBXGroup;
			children = (
				AC20D31CA0157CC737761A67 /* Pods_Ding_Dong_Donor.framework */,
				2849177F361CDBF43B84F69A /* Pods_Ding_Dong_DonorTests.framework */,
				F1D9F84BE6374DD8A25336DA /* Pods_Ding_Dong_DonorUITests.framework */,
			);
			name = Frameworks;
			sourceTree = "<group>";
		};
		4900B3A9A2AD282F295D1324 /* Pods */ = {
			isa = PBXGroup;
			children = (
				681E746098E871545D923B05 /* Pods-Ding Dong Donor.debug.xcconfig */,
				11D419768A2719A9638CDBCC /* Pods-Ding Dong Donor.release.xcconfig */,
				78F0CD193DB1B149FA58B64C /* Pods-Ding Dong DonorTests.debug.xcconfig */,
				4EAAE7D34A5B53AF8B06B29A /* Pods-Ding Dong DonorTests.release.xcconfig */,
				3F57159102CB9CAB40C2FB84 /* Pods-Ding Dong DonorUITests.debug.xcconfig */,
				63E166F031B5BC4C247F1CA6 /* Pods-Ding Dong DonorUITests.release.xcconfig */,
			);
			name = Pods;
			sourceTree = "<group>";
		};
		D0108A902012F10D003F1513 = {
			isa = PBXGroup;
			children = (
				D0108A9B2012F10D003F1513 /* Ding Dong Donor */,
				D0108AB02012F10D003F1513 /* Ding Dong DonorTests */,
				D0108ABB2012F10E003F1513 /* Ding Dong DonorUITests */,
				D0108A9A2012F10D003F1513 /* Products */,
				4900B3A9A2AD282F295D1324 /* Pods */,
				015368DC4B6D58F21BC5BB82 /* Frameworks */,
			);
			sourceTree = "<group>";
		};
		D0108A9A2012F10D003F1513 /* Products */ = {
			isa = PBXGroup;
			children = (
				D0108A992012F10D003F1513 /* Ding Dong Donor.app */,
				D0108AAD2012F10D003F1513 /* Ding Dong DonorTests.xctest */,
				D0108AB82012F10E003F1513 /* Ding Dong DonorUITests.xctest */,
			);
			name = Products;
			sourceTree = "<group>";
		};
		D0108A9B2012F10D003F1513 /* Ding Dong Donor */ = {
			isa = PBXGroup;
			children = (
				D0108A9C2012F10D003F1513 /* AppDelegate.swift */,
				D0277BA8201326E300997053 /* TableViewCells */,
				D0108ADC20131478003F1513 /* Extensions */,
				D0108AD920130F1D003F1513 /* Supporting */,
				D0108AD4201307A7003F1513 /* Services */,
				D0108ACB2012F1FC003F1513 /* ViewControllers */,
				D0108ACA2012F1F3003F1513 /* Models */,
				D0108AA02012F10D003F1513 /* Main.storyboard */,
				D0108AA32012F10D003F1513 /* Assets.xcassets */,
				D0108AA52012F10D003F1513 /* LaunchScreen.storyboard */,
				D0108AA82012F10D003F1513 /* Info.plist */,
				D0108AD22012FFB0003F1513 /* GoogleService-Info.plist */,
			);
			path = "Ding Dong Donor";
			sourceTree = "<group>";
		};
		D0108AB02012F10D003F1513 /* Ding Dong DonorTests */ = {
			isa = PBXGroup;
			children = (
				D0108AB12012F10D003F1513 /* Ding_Dong_DonorTests.swift */,
				D0108AB32012F10D003F1513 /* Info.plist */,
			);
			path = "Ding Dong DonorTests";
			sourceTree = "<group>";
		};
		D0108ABB2012F10E003F1513 /* Ding Dong DonorUITests */ = {
			isa = PBXGroup;
			children = (
				D0108ABC2012F10E003F1513 /* Ding_Dong_DonorUITests.swift */,
				D0108ABE2012F10E003F1513 /* Info.plist */,
			);
			path = "Ding Dong DonorUITests";
			sourceTree = "<group>";
		};
		D0108ACA2012F1F3003F1513 /* Models */ = {
			isa = PBXGroup;
			children = (
				D0108ACE2012F505003F1513 /* DonationPage.swift */,
			);
			path = Models;
			sourceTree = "<group>";
		};
		D0108ACB2012F1FC003F1513 /* ViewControllers */ = {
			isa = PBXGroup;
			children = (
				D0108AD02012FA06003F1513 /* DonationPageCreatorVC.swift */,
				D0277BA62013263000997053 /* DonationPagesVC.swift */,
				D0277BAB2013AFAA00997053 /* DonationPageScannerVC.swift */,
				D0277BAD2013B9B700997053 /* DonationPageVC.swift */,
			);
			path = ViewControllers;
			sourceTree = "<group>";
		};
		D0108AD4201307A7003F1513 /* Services */ = {
			isa = PBXGroup;
			children = (
				D0108AD5201307C1003F1513 /* CreatePageService.swift */,
				D0108AD720130A49003F1513 /* StorageService.swift */,
				D0108ADF20131BFF003F1513 /* CreatorService.swift */,
				D0277BA420131DCD00997053 /* PhotoService.swift */,
			);
			path = Services;
			sourceTree = "<group>";
		};
		D0108AD920130F1D003F1513 /* Supporting */ = {
			isa = PBXGroup;
			children = (
				D0108ADA20130F28003F1513 /* Constants.swift */,
			);
			path = Supporting;
			sourceTree = "<group>";
		};
		D0108ADC20131478003F1513 /* Extensions */ = {
			isa = PBXGroup;
			children = (
				D0108ADD201314B0003F1513 /* StorageReference+Page.swift */,
			);
			path = Extensions;
			sourceTree = "<group>";
		};
		D0277BA8201326E300997053 /* TableViewCells */ = {
			isa = PBXGroup;
			children = (
				D0277BA9201326F700997053 /* DonationPageTableVC.swift */,
			);
			path = TableViewCells;
			sourceTree = "<group>";
		};
/* End PBXGroup section */

/* Begin PBXNativeTarget section */
		D0108A982012F10D003F1513 /* Ding Dong Donor */ = {
			isa = PBXNativeTarget;
			buildConfigurationList = D0108AC12012F10E003F1513 /* Build configuration list for PBXNativeTarget "Ding Dong Donor" */;
			buildPhases = (
				8C5D3EAC09BB455580DBA3C0 /* [CP] Check Pods Manifest.lock */,
				D0108A952012F10D003F1513 /* Sources */,
				D0108A962012F10D003F1513 /* Frameworks */,
				D0108A972012F10D003F1513 /* Resources */,
				B1E8C5E0D3DF878B7B737D77 /* [CP] Embed Pods Frameworks */,
				7F2EF693D1B362D61A1BB8A0 /* [CP] Copy Pods Resources */,
			);
			buildRules = (
			);
			dependencies = (
			);
			name = "Ding Dong Donor";
			productName = "Ding Dong Donor";
			productReference = D0108A992012F10D003F1513 /* Ding Dong Donor.app */;
			productType = "com.apple.product-type.application";
		};
		D0108AAC2012F10D003F1513 /* Ding Dong DonorTests */ = {
			isa = PBXNativeTarget;
			buildConfigurationList = D0108AC42012F10E003F1513 /* Build configuration list for PBXNativeTarget "Ding Dong DonorTests" */;
			buildPhases = (
				A23A16507C586B8D426A43C5 /* [CP] Check Pods Manifest.lock */,
				D0108AA92012F10D003F1513 /* Sources */,
				D0108AAA2012F10D003F1513 /* Frameworks */,
				D0108AAB2012F10D003F1513 /* Resources */,
				FD5E0757C7A3F0445F9C603B /* [CP] Embed Pods Frameworks */,
				7020E2D4EB960A4327DAB3D4 /* [CP] Copy Pods Resources */,
			);
			buildRules = (
			);
			dependencies = (
				D0108AAF2012F10D003F1513 /* PBXTargetDependency */,
			);
			name = "Ding Dong DonorTests";
			productName = "Ding Dong DonorTests";
			productReference = D0108AAD2012F10D003F1513 /* Ding Dong DonorTests.xctest */;
			productType = "com.apple.product-type.bundle.unit-test";
		};
		D0108AB72012F10E003F1513 /* Ding Dong DonorUITests */ = {
			isa = PBXNativeTarget;
			buildConfigurationList = D0108AC72012F10E003F1513 /* Build configuration list for PBXNativeTarget "Ding Dong DonorUITests" */;
			buildPhases = (
				67D85577854DF4E89E8E4B5E /* [CP] Check Pods Manifest.lock */,
				D0108AB42012F10E003F1513 /* Sources */,
				D0108AB52012F10E003F1513 /* Frameworks */,
				D0108AB62012F10E003F1513 /* Resources */,
				318D233ED2BDF6F8D017520D /* [CP] Embed Pods Frameworks */,
				FDC01F2DB42B0A1A55A5F9CC /* [CP] Copy Pods Resources */,
			);
			buildRules = (
			);
			dependencies = (
				D0108ABA2012F10E003F1513 /* PBXTargetDependency */,
			);
			name = "Ding Dong DonorUITests";
			productName = "Ding Dong DonorUITests";
			productReference = D0108AB82012F10E003F1513 /* Ding Dong DonorUITests.xctest */;
			productType = "com.apple.product-type.bundle.ui-testing";
		};
/* End PBXNativeTarget section */

/* Begin PBXProject section */
		D0108A912012F10D003F1513 /* Project object */ = {
			isa = PBXProject;
			attributes = {
				LastSwiftUpdateCheck = 0920;
				LastUpgradeCheck = 0920;
				ORGANIZATIONNAME = "Justin Matsnev";
				TargetAttributes = {
					D0108A982012F10D003F1513 = {
						CreatedOnToolsVersion = 9.2;
						ProvisioningStyle = Automatic;
					};
					D0108AAC2012F10D003F1513 = {
						CreatedOnToolsVersion = 9.2;
						ProvisioningStyle = Automatic;
						TestTargetID = D0108A982012F10D003F1513;
					};
					D0108AB72012F10E003F1513 = {
						CreatedOnToolsVersion = 9.2;
						ProvisioningStyle = Automatic;
						TestTargetID = D0108A982012F10D003F1513;
					};
				};
			};
			buildConfigurationList = D0108A942012F10D003F1513 /* Build configuration list for PBXProject "Ding Dong Donor" */;
			compatibilityVersion = "Xcode 8.0";
			developmentRegion = en;
			hasScannedForEncodings = 0;
			knownRegions = (
				en,
				Base,
			);
			mainGroup = D0108A902012F10D003F1513;
			productRefGroup = D0108A9A2012F10D003F1513 /* Products */;
			projectDirPath = "";
			projectRoot = "";
			targets = (
				D0108A982012F10D003F1513 /* Ding Dong Donor */,
				D0108AAC2012F10D003F1513 /* Ding Dong DonorTests */,
				D0108AB72012F10E003F1513 /* Ding Dong DonorUITests */,
			);
		};
/* End PBXProject section */

/* Begin PBXResourcesBuildPhase section */
		D0108A972012F10D003F1513 /* Resources */ = {
			isa = PBXResourcesBuildPhase;
			buildActionMask = 2147483647;
			files = (
				D0108AA72012F10D003F1513 /* LaunchScreen.storyboard in Resources */,
				D0108AD32012FFB1003F1513 /* GoogleService-Info.plist in Resources */,
				D0108AA42012F10D003F1513 /* Assets.xcassets in Resources */,
				D0108AA22012F10D003F1513 /* Main.storyboard in Resources */,
			);
			runOnlyForDeploymentPostprocessing = 0;
		};
		D0108AAB2012F10D003F1513 /* Resources */ = {
			isa = PBXResourcesBuildPhase;
			buildActionMask = 2147483647;
			files = (
			);
			runOnlyForDeploymentPostprocessing = 0;
		};
		D0108AB62012F10E003F1513 /* Resources */ = {
			isa = PBXResourcesBuildPhase;
			buildActionMask = 2147483647;
			files = (
			);
			runOnlyForDeploymentPostprocessing = 0;
		};
/* End PBXResourcesBuildPhase section */

/* Begin PBXShellScriptBuildPhase section */
		318D233ED2BDF6F8D017520D /* [CP] Embed Pods Frameworks */ = {
			isa = PBXShellScriptBuildPhase;
			buildActionMask = 2147483647;
			files = (
			);
			inputPaths = (
			);
			name = "[CP] Embed Pods Frameworks";
			outputPaths = (
			);
			runOnlyForDeploymentPostprocessing = 0;
			shellPath = /bin/sh;
			shellScript = "\"${SRCROOT}/Pods/Target Support Files/Pods-Ding Dong DonorUITests/Pods-Ding Dong DonorUITests-frameworks.sh\"\n";
			showEnvVarsInLog = 0;
		};
		67D85577854DF4E89E8E4B5E /* [CP] Check Pods Manifest.lock */ = {
			isa = PBXShellScriptBuildPhase;
			buildActionMask = 2147483647;
			files = (
			);
			inputPaths = (
			);
			name = "[CP] Check Pods Manifest.lock";
			outputPaths = (
			);
			runOnlyForDeploymentPostprocessing = 0;
			shellPath = /bin/sh;
			shellScript = "diff \"${PODS_ROOT}/../Podfile.lock\" \"${PODS_ROOT}/Manifest.lock\" > /dev/null\nif [ $? != 0 ] ; then\n    # print error to STDERR\n    echo \"error: The sandbox is not in sync with the Podfile.lock. Run 'pod install' or update your CocoaPods installation.\" >&2\n    exit 1\nfi\n";
			showEnvVarsInLog = 0;
		};
		7020E2D4EB960A4327DAB3D4 /* [CP] Copy Pods Resources */ = {
			isa = PBXShellScriptBuildPhase;
			buildActionMask = 2147483647;
			files = (
			);
			inputPaths = (
			);
			name = "[CP] Copy Pods Resources";
			outputPaths = (
			);
			runOnlyForDeploymentPostprocessing = 0;
			shellPath = /bin/sh;
			shellScript = "\"${SRCROOT}/Pods/Target Support Files/Pods-Ding Dong DonorTests/Pods-Ding Dong DonorTests-resources.sh\"\n";
			showEnvVarsInLog = 0;
		};
		7F2EF693D1B362D61A1BB8A0 /* [CP] Copy Pods Resources */ = {
			isa = PBXShellScriptBuildPhase;
			buildActionMask = 2147483647;
			files = (
			);
			inputPaths = (
			);
			name = "[CP] Copy Pods Resources";
			outputPaths = (
			);
			runOnlyForDeploymentPostprocessing = 0;
			shellPath = /bin/sh;
			shellScript = "\"${SRCROOT}/Pods/Target Support Files/Pods-Ding Dong Donor/Pods-Ding Dong Donor-resources.sh\"\n";
			showEnvVarsInLog = 0;
		};
		8C5D3EAC09BB455580DBA3C0 /* [CP] Check Pods Manifest.lock */ = {
			isa = PBXShellScriptBuildPhase;
			buildActionMask = 2147483647;
			files = (
			);
			inputPaths = (
			);
			name = "[CP] Check Pods Manifest.lock";
			outputPaths = (
			);
			runOnlyForDeploymentPostprocessing = 0;
			shellPath = /bin/sh;
			shellScript = "diff \"${PODS_ROOT}/../Podfile.lock\" \"${PODS_ROOT}/Manifest.lock\" > /dev/null\nif [ $? != 0 ] ; then\n    # print error to STDERR\n    echo \"error: The sandbox is not in sync with the Podfile.lock. Run 'pod install' or update your CocoaPods installation.\" >&2\n    exit 1\nfi\n";
			showEnvVarsInLog = 0;
		};
		A23A16507C586B8D426A43C5 /* [CP] Check Pods Manifest.lock */ = {
			isa = PBXShellScriptBuildPhase;
			buildActionMask = 2147483647;
			files = (
			);
			inputPaths = (
			);
			name = "[CP] Check Pods Manifest.lock";
			outputPaths = (
			);
			runOnlyForDeploymentPostprocessing = 0;
			shellPath = /bin/sh;
			shellScript = "diff \"${PODS_ROOT}/../Podfile.lock\" \"${PODS_ROOT}/Manifest.lock\" > /dev/null\nif [ $? != 0 ] ; then\n    # print error to STDERR\n    echo \"error: The sandbox is not in sync with the Podfile.lock. Run 'pod install' or update your CocoaPods installation.\" >&2\n    exit 1\nfi\n";
			showEnvVarsInLog = 0;
		};
		B1E8C5E0D3DF878B7B737D77 /* [CP] Embed Pods Frameworks */ = {
			isa = PBXShellScriptBuildPhase;
			buildActionMask = 2147483647;
			files = (
			);
			inputPaths = (
			);
			name = "[CP] Embed Pods Frameworks";
			outputPaths = (
			);
			runOnlyForDeploymentPostprocessing = 0;
			shellPath = /bin/sh;
			shellScript = "\"${SRCROOT}/Pods/Target Support Files/Pods-Ding Dong Donor/Pods-Ding Dong Donor-frameworks.sh\"\n";
			showEnvVarsInLog = 0;
		};
		FD5E0757C7A3F0445F9C603B /* [CP] Embed Pods Frameworks */ = {
			isa = PBXShellScriptBuildPhase;
			buildActionMask = 2147483647;
			files = (
			);
			inputPaths = (
			);
			name = "[CP] Embed Pods Frameworks";
			outputPaths = (
			);
			runOnlyForDeploymentPostprocessing = 0;
			shellPath = /bin/sh;
			shellScript = "\"${SRCROOT}/Pods/Target Support Files/Pods-Ding Dong DonorTests/Pods-Ding Dong DonorTests-frameworks.sh\"\n";
			showEnvVarsInLog = 0;
		};
		FDC01F2DB42B0A1A55A5F9CC /* [CP] Copy Pods Resources */ = {
			isa = PBXShellScriptBuildPhase;
			buildActionMask = 2147483647;
			files = (
			);
			inputPaths = (
			);
			name = "[CP] Copy Pods Resources";
			outputPaths = (
			);
			runOnlyForDeploymentPostprocessing = 0;
			shellPath = /bin/sh;
			shellScript = "\"${SRCROOT}/Pods/Target Support Files/Pods-Ding Dong DonorUITests/Pods-Ding Dong DonorUITests-resources.sh\"\n";
			showEnvVarsInLog = 0;
		};
/* End PBXShellScriptBuildPhase section */

/* Begin PBXSourcesBuildPhase section */
		D0108A952012F10D003F1513 /* Sources */ = {
			isa = PBXSourcesBuildPhase;
			buildActionMask = 2147483647;
			files = (
				D0277BA520131DCD00997053 /* PhotoService.swift in Sources */,
				D0108AD6201307C1003F1513 /* CreatePageService.swift in Sources */,
				D0277BAE2013B9B700997053 /* DonationPageVC.swift in Sources */,
				D0108AD820130A49003F1513 /* StorageService.swift in Sources */,
				D0108ADE201314B0003F1513 /* StorageReference+Page.swift in Sources */,
				D0108AD12012FA06003F1513 /* DonationPageCreatorVC.swift in Sources */,
				D0277BA72013263000997053 /* DonationPagesVC.swift in Sources */,
				D0108ACF2012F505003F1513 /* DonationPage.swift in Sources */,
				D0108ADB20130F28003F1513 /* Constants.swift in Sources */,
				D0108A9D2012F10D003F1513 /* AppDelegate.swift in Sources */,
				D0277BAA201326F700997053 /* DonationPageTableVC.swift in Sources */,
				D0277BAC2013AFAA00997053 /* DonationPageScannerVC.swift in Sources */,
				D0108AE020131BFF003F1513 /* CreatorService.swift in Sources */,
			);
			runOnlyForDeploymentPostprocessing = 0;
		};
		D0108AA92012F10D003F1513 /* Sources */ = {
			isa = PBXSourcesBuildPhase;
			buildActionMask = 2147483647;
			files = (
				D0108AB22012F10D003F1513 /* Ding_Dong_DonorTests.swift in Sources */,
			);
			runOnlyForDeploymentPostprocessing = 0;
		};
		D0108AB42012F10E003F1513 /* Sources */ = {
			isa = PBXSourcesBuildPhase;
			buildActionMask = 2147483647;
			files = (
				D0108ABD2012F10E003F1513 /* Ding_Dong_DonorUITests.swift in Sources */,
			);
			runOnlyForDeploymentPostprocessing = 0;
		};
/* End PBXSourcesBuildPhase section */

/* Begin PBXTargetDependency section */
		D0108AAF2012F10D003F1513 /* PBXTargetDependency */ = {
			isa = PBXTargetDependency;
			target = D0108A982012F10D003F1513 /* Ding Dong Donor */;
			targetProxy = D0108AAE2012F10D003F1513 /* PBXContainerItemProxy */;
		};
		D0108ABA2012F10E003F1513 /* PBXTargetDependency */ = {
			isa = PBXTargetDependency;
			target = D0108A982012F10D003F1513 /* Ding Dong Donor */;
			targetProxy = D0108AB92012F10E003F1513 /* PBXContainerItemProxy */;
		};
/* End PBXTargetDependency section */

/* Begin PBXVariantGroup section */
		D0108AA02012F10D003F1513 /* Main.storyboard */ = {
			isa = PBXVariantGroup;
			children = (
				D0108AA12012F10D003F1513 /* Base */,
			);
			name = Main.storyboard;
			sourceTree = "<group>";
		};
		D0108AA52012F10D003F1513 /* LaunchScreen.storyboard */ = {
			isa = PBXVariantGroup;
			children = (
				D0108AA62012F10D003F1513 /* Base */,
			);
			name = LaunchScreen.storyboard;
			sourceTree = "<group>";
		};
/* End PBXVariantGroup section */

/* Begin XCBuildConfiguration section */
		D0108ABF2012F10E003F1513 /* Debug */ = {
			isa = XCBuildConfiguration;
			buildSettings = {
				ALWAYS_SEARCH_USER_PATHS = NO;
				CLANG_ANALYZER_NONNULL = YES;
				CLANG_ANALYZER_NUMBER_OBJECT_CONVERSION = YES_AGGRESSIVE;
				CLANG_CXX_LANGUAGE_STANDARD = "gnu++14";
				CLANG_CXX_LIBRARY = "libc++";
				CLANG_ENABLE_MODULES = YES;
				CLANG_ENABLE_OBJC_ARC = YES;
				CLANG_WARN_BLOCK_CAPTURE_AUTORELEASING = YES;
				CLANG_WARN_BOOL_CONVERSION = YES;
				CLANG_WARN_COMMA = YES;
				CLANG_WARN_CONSTANT_CONVERSION = YES;
				CLANG_WARN_DIRECT_OBJC_ISA_USAGE = YES_ERROR;
				CLANG_WARN_DOCUMENTATION_COMMENTS = YES;
				CLANG_WARN_EMPTY_BODY = YES;
				CLANG_WARN_ENUM_CONVERSION = YES;
				CLANG_WARN_INFINITE_RECURSION = YES;
				CLANG_WARN_INT_CONVERSION = YES;
				CLANG_WARN_NON_LITERAL_NULL_CONVERSION = YES;
				CLANG_WARN_OBJC_LITERAL_CONVERSION = YES;
				CLANG_WARN_OBJC_ROOT_CLASS = YES_ERROR;
				CLANG_WARN_RANGE_LOOP_ANALYSIS = YES;
				CLANG_WARN_STRICT_PROTOTYPES = YES;
				CLANG_WARN_SUSPICIOUS_MOVE = YES;
				CLANG_WARN_UNGUARDED_AVAILABILITY = YES_AGGRESSIVE;
				CLANG_WARN_UNREACHABLE_CODE = YES;
				CLANG_WARN__DUPLICATE_METHOD_MATCH = YES;
				CODE_SIGN_IDENTITY = "iPhone Developer";
				COPY_PHASE_STRIP = NO;
				DEBUG_INFORMATION_FORMAT = dwarf;
				ENABLE_STRICT_OBJC_MSGSEND = YES;
				ENABLE_TESTABILITY = YES;
				GCC_C_LANGUAGE_STANDARD = gnu11;
				GCC_DYNAMIC_NO_PIC = NO;
				GCC_NO_COMMON_BLOCKS = YES;
				GCC_OPTIMIZATION_LEVEL = 0;
				GCC_PREPROCESSOR_DEFINITIONS = (
					"DEBUG=1",
					"$(inherited)",
				);
				GCC_WARN_64_TO_32_BIT_CONVERSION = YES;
				GCC_WARN_ABOUT_RETURN_TYPE = YES_ERROR;
				GCC_WARN_UNDECLARED_SELECTOR = YES;
				GCC_WARN_UNINITIALIZED_AUTOS = YES_AGGRESSIVE;
				GCC_WARN_UNUSED_FUNCTION = YES;
				GCC_WARN_UNUSED_VARIABLE = YES;
				IPHONEOS_DEPLOYMENT_TARGET = 11.2;
				MTL_ENABLE_DEBUG_INFO = YES;
				ONLY_ACTIVE_ARCH = YES;
				SDKROOT = iphoneos;
				SWIFT_ACTIVE_COMPILATION_CONDITIONS = DEBUG;
				SWIFT_OPTIMIZATION_LEVEL = "-Onone";
			};
			name = Debug;
		};
		D0108AC02012F10E003F1513 /* Release */ = {
			isa = XCBuildConfiguration;
			buildSettings = {
				ALWAYS_SEARCH_USER_PATHS = NO;
				CLANG_ANALYZER_NONNULL = YES;
				CLANG_ANALYZER_NUMBER_OBJECT_CONVERSION = YES_AGGRESSIVE;
				CLANG_CXX_LANGUAGE_STANDARD = "gnu++14";
				CLANG_CXX_LIBRARY = "libc++";
				CLANG_ENABLE_MODULES = YES;
				CLANG_ENABLE_OBJC_ARC = YES;
				CLANG_WARN_BLOCK_CAPTURE_AUTORELEASING = YES;
				CLANG_WARN_BOOL_CONVERSION = YES;
				CLANG_WARN_COMMA = YES;
				CLANG_WARN_CONSTANT_CONVERSION = YES;
				CLANG_WARN_DIRECT_OBJC_ISA_USAGE = YES_ERROR;
				CLANG_WARN_DOCUMENTATION_COMMENTS = YES;
				CLANG_WARN_EMPTY_BODY = YES;
				CLANG_WARN_ENUM_CONVERSION = YES;
				CLANG_WARN_INFINITE_RECURSION = YES;
				CLANG_WARN_INT_CONVERSION = YES;
				CLANG_WARN_NON_LITERAL_NULL_CONVERSION = YES;
				CLANG_WARN_OBJC_LITERAL_CONVERSION = YES;
				CLANG_WARN_OBJC_ROOT_CLASS = YES_ERROR;
				CLANG_WARN_RANGE_LOOP_ANALYSIS = YES;
				CLANG_WARN_STRICT_PROTOTYPES = YES;
				CLANG_WARN_SUSPICIOUS_MOVE = YES;
				CLANG_WARN_UNGUARDED_AVAILABILITY = YES_AGGRESSIVE;
				CLANG_WARN_UNREACHABLE_CODE = YES;
				CLANG_WARN__DUPLICATE_METHOD_MATCH = YES;
				CODE_SIGN_IDENTITY = "iPhone Developer";
				COPY_PHASE_STRIP = NO;
				DEBUG_INFORMATION_FORMAT = "dwarf-with-dsym";
				ENABLE_NS_ASSERTIONS = NO;
				ENABLE_STRICT_OBJC_MSGSEND = YES;
				GCC_C_LANGUAGE_STANDARD = gnu11;
				GCC_NO_COMMON_BLOCKS = YES;
				GCC_WARN_64_TO_32_BIT_CONVERSION = YES;
				GCC_WARN_ABOUT_RETURN_TYPE = YES_ERROR;
				GCC_WARN_UNDECLARED_SELECTOR = YES;
				GCC_WARN_UNINITIALIZED_AUTOS = YES_AGGRESSIVE;
				GCC_WARN_UNUSED_FUNCTION = YES;
				GCC_WARN_UNUSED_VARIABLE = YES;
				IPHONEOS_DEPLOYMENT_TARGET = 11.2;
				MTL_ENABLE_DEBUG_INFO = NO;
				SDKROOT = iphoneos;
				SWIFT_OPTIMIZATION_LEVEL = "-Owholemodule";
				VALIDATE_PRODUCT = YES;
			};
			name = Release;
		};
		D0108AC22012F10E003F1513 /* Debug */ = {
			isa = XCBuildConfiguration;
			baseConfigurationReference = 681E746098E871545D923B05 /* Pods-Ding Dong Donor.debug.xcconfig */;
			buildSettings = {
				ASSETCATALOG_COMPILER_APPICON_NAME = AppIcon;
				CODE_SIGN_STYLE = Automatic;
				DEVELOPMENT_TEAM = 96QE7H4LVL;
				INFOPLIST_FILE = "Ding Dong Donor/Info.plist";
				LD_RUNPATH_SEARCH_PATHS = "$(inherited) @executable_path/Frameworks";
				PRODUCT_BUNDLE_IDENTIFIER = "com.justinmatsnev.Ding-Dong-Donor";
				PRODUCT_NAME = "$(TARGET_NAME)";
				SWIFT_VERSION = 4.0;
				TARGETED_DEVICE_FAMILY = "1,2";
			};
			name = Debug;
		};
		D0108AC32012F10E003F1513 /* Release */ = {
			isa = XCBuildConfiguration;
			baseConfigurationReference = 11D419768A2719A9638CDBCC /* Pods-Ding Dong Donor.release.xcconfig */;
			buildSettings = {
				ASSETCATALOG_COMPILER_APPICON_NAME = AppIcon;
				CODE_SIGN_STYLE = Automatic;
				DEVELOPMENT_TEAM = 96QE7H4LVL;
				INFOPLIST_FILE = "Ding Dong Donor/Info.plist";
				LD_RUNPATH_SEARCH_PATHS = "$(inherited) @executable_path/Frameworks";
				PRODUCT_BUNDLE_IDENTIFIER = "com.justinmatsnev.Ding-Dong-Donor";
				PRODUCT_NAME = "$(TARGET_NAME)";
				SWIFT_VERSION = 4.0;
				TARGETED_DEVICE_FAMILY = "1,2";
			};
			name = Release;
		};
		D0108AC52012F10E003F1513 /* Debug */ = {
			isa = XCBuildConfiguration;
			baseConfigurationReference = 78F0CD193DB1B149FA58B64C /* Pods-Ding Dong DonorTests.debug.xcconfig */;
			buildSettings = {
				ALWAYS_EMBED_SWIFT_STANDARD_LIBRARIES = YES;
				BUNDLE_LOADER = "$(TEST_HOST)";
				CODE_SIGN_STYLE = Automatic;
				DEVELOPMENT_TEAM = 96QE7H4LVL;
				INFOPLIST_FILE = "Ding Dong DonorTests/Info.plist";
				LD_RUNPATH_SEARCH_PATHS = "$(inherited) @executable_path/Frameworks @loader_path/Frameworks";
				PRODUCT_BUNDLE_IDENTIFIER = "com.justinmatsnev.Ding-Dong-DonorTests";
				PRODUCT_NAME = "$(TARGET_NAME)";
				SWIFT_VERSION = 4.0;
				TARGETED_DEVICE_FAMILY = "1,2";
				TEST_HOST = "$(BUILT_PRODUCTS_DIR)/Ding Dong Donor.app/Ding Dong Donor";
			};
			name = Debug;
		};
		D0108AC62012F10E003F1513 /* Release */ = {
			isa = XCBuildConfiguration;
			baseConfigurationReference = 4EAAE7D34A5B53AF8B06B29A /* Pods-Ding Dong DonorTests.release.xcconfig */;
			buildSettings = {
				ALWAYS_EMBED_SWIFT_STANDARD_LIBRARIES = YES;
				BUNDLE_LOADER = "$(TEST_HOST)";
				CODE_SIGN_STYLE = Automatic;
				DEVELOPMENT_TEAM = 96QE7H4LVL;
				INFOPLIST_FILE = "Ding Dong DonorTests/Info.plist";
				LD_RUNPATH_SEARCH_PATHS = "$(inherited) @executable_path/Frameworks @loader_path/Frameworks";
				PRODUCT_BUNDLE_IDENTIFIER = "com.justinmatsnev.Ding-Dong-DonorTests";
				PRODUCT_NAME = "$(TARGET_NAME)";
				SWIFT_VERSION = 4.0;
				TARGETED_DEVICE_FAMILY = "1,2";
				TEST_HOST = "$(BUILT_PRODUCTS_DIR)/Ding Dong Donor.app/Ding Dong Donor";
			};
			name = Release;
		};
		D0108AC82012F10E003F1513 /* Debug */ = {
			isa = XCBuildConfiguration;
			baseConfigurationReference = 3F57159102CB9CAB40C2FB84 /* Pods-Ding Dong DonorUITests.debug.xcconfig */;
			buildSettings = {
				ALWAYS_EMBED_SWIFT_STANDARD_LIBRARIES = YES;
				CODE_SIGN_STYLE = Automatic;
				DEVELOPMENT_TEAM = 96QE7H4LVL;
				INFOPLIST_FILE = "Ding Dong DonorUITests/Info.plist";
				LD_RUNPATH_SEARCH_PATHS = "$(inherited) @executable_path/Frameworks @loader_path/Frameworks";
				PRODUCT_BUNDLE_IDENTIFIER = "com.justinmatsnev.Ding-Dong-DonorUITests";
				PRODUCT_NAME = "$(TARGET_NAME)";
				SWIFT_VERSION = 4.0;
				TARGETED_DEVICE_FAMILY = "1,2";
				TEST_TARGET_NAME = "Ding Dong Donor";
			};
			name = Debug;
		};
		D0108AC92012F10E003F1513 /* Release */ = {
			isa = XCBuildConfiguration;
			baseConfigurationReference = 63E166F031B5BC4C247F1CA6 /* Pods-Ding Dong DonorUITests.release.xcconfig */;
			buildSettings = {
				ALWAYS_EMBED_SWIFT_STANDARD_LIBRARIES = YES;
				CODE_SIGN_STYLE = Automatic;
				DEVELOPMENT_TEAM = 96QE7H4LVL;
				INFOPLIST_FILE = "Ding Dong DonorUITests/Info.plist";
				LD_RUNPATH_SEARCH_PATHS = "$(inherited) @executable_path/Frameworks @loader_path/Frameworks";
				PRODUCT_BUNDLE_IDENTIFIER = "com.justinmatsnev.Ding-Dong-DonorUITests";
				PRODUCT_NAME = "$(TARGET_NAME)";
				SWIFT_VERSION = 4.0;
				TARGETED_DEVICE_FAMILY = "1,2";
				TEST_TARGET_NAME = "Ding Dong Donor";
			};
			name = Release;
		};
/* End XCBuildConfiguration section */

/* Begin XCConfigurationList section */
		D0108A942012F10D003F1513 /* Build configuration list for PBXProject "Ding Dong Donor" */ = {
			isa = XCConfigurationList;
			buildConfigurations = (
				D0108ABF2012F10E003F1513 /* Debug */,
				D0108AC02012F10E003F1513 /* Release */,
			);
			defaultConfigurationIsVisible = 0;
			defaultConfigurationName = Release;
		};
		D0108AC12012F10E003F1513 /* Build configuration list for PBXNativeTarget "Ding Dong Donor" */ = {
			isa = XCConfigurationList;
			buildConfigurations = (
				D0108AC22012F10E003F1513 /* Debug */,
				D0108AC32012F10E003F1513 /* Release */,
			);
			defaultConfigurationIsVisible = 0;
			defaultConfigurationName = Release;
		};
		D0108AC42012F10E003F1513 /* Build configuration list for PBXNativeTarget "Ding Dong DonorTests" */ = {
			isa = XCConfigurationList;
			buildConfigurations = (
				D0108AC52012F10E003F1513 /* Debug */,
				D0108AC62012F10E003F1513 /* Release */,
			);
			defaultConfigurationIsVisible = 0;
			defaultConfigurationName = Release;
		};
		D0108AC72012F10E003F1513 /* Build configuration list for PBXNativeTarget "Ding Dong DonorUITests" */ = {
			isa = XCConfigurationList;
			buildConfigurations = (
				D0108AC82012F10E003F1513 /* Debug */,
				D0108AC92012F10E003F1513 /* Release */,
			);
			defaultConfigurationIsVisible = 0;
			defaultConfigurationName = Release;
		};
/* End XCConfigurationList section */
	};
	rootObject = D0108A912012F10D003F1513 /* Project object */;
}
